
Microsoft Visual Studio Solution File, Format Version 12.00
# Visual Studio 14
VisualStudioVersion = 14.0.25420.1
MinimumVisualStudioVersion = 10.0.40219.1
Project("{FAE04EC0-301F-11D3-BF4B-00C04F79EFBC}") = "ConsoleApplication1", "ConsoleApp\ConsoleApplication1.csproj", "{09DEFCE2-5843-4250-8825-9049C0565B64}"
	ProjectSection(ProjectDependencies) = postProject
		{EA6F422E-3D4F-499F-A76F-3DC366489387} = {EA6F422E-3D4F-499F-A76F-3DC366489387}
	EndProjectSection
EndProject
Project("{FAE04EC0-301F-11D3-BF4B-00C04F79EFBC}") = "SharpHelper", "SharpHelper\SharpHelper.csproj", "{EA6F422E-3D4F-499F-A76F-3DC366489387}"
EndProject
Project("{FAE04EC0-301F-11D3-BF4B-00C04F79EFBC}") = "WindowsFormsControlLibrary1", "..\stuff\WindowsFormsApplication2\WindowsFormsControlLibrary1\WindowsFormsControlLibrary1.csproj", "{F654E2BF-F036-4AD1-923D-DAF0FC4CDD98}"
EndProject
Global
	GlobalSection(SolutionConfigurationPlatforms) = preSolution
		Debug|Any CPU = Debug|Any CPU
		Release|Any CPU = Release|Any CPU
	EndGlobalSection
	GlobalSection(ProjectConfigurationPlatforms) = postSolution
		{09DEFCE2-5843-4250-8825-9049C0565B64}.Debug|Any CPU.ActiveCfg = Debug|Any CPU
		{09DEFCE2-5843-4250-8825-9049C0565B64}.Debug|Any CPU.Build.0 = Debug|Any CPU
		{09DEFCE2-5843-4250-8825-9049C0565B64}.Release|Any CPU.ActiveCfg = Release|Any CPU
		{09DEFCE2-5843-4250-8825-9049C0565B64}.Release|Any CPU.Build.0 = Release|Any CPU
		{EA6F422E-3D4F-499F-A76F-3DC366489387}.Debug|Any CPU.ActiveCfg = Debug|Any CPU
		{EA6F422E-3D4F-499F-A76F-3DC366489387}.Debug|Any CPU.Build.0 = Debug|Any CPU
		{EA6F422E-3D4F-499F-A76F-3DC366489387}.Release|Any CPU.ActiveCfg = Release|Any CPU
		{EA6F422E-3D4F-499F-A76F-3DC366489387}.Release|Any CPU.Build.0 = Release|Any CPU
		{F654E2BF-F036-4AD1-923D-DAF0FC4CDD98}.Debug|Any CPU.ActiveCfg = Debug|Any CPU
		{F654E2BF-F036-4AD1-923D-DAF0FC4CDD98}.Debug|Any CPU.Build.0 = Debug|Any CPU
		{F654E2BF-F036-4AD1-923D-DAF0FC4CDD98}.Release|Any CPU.ActiveCfg = Release|Any CPU
		{F654E2BF-F036-4AD1-923D-DAF0FC4CDD98}.Release|Any CPU.Build.0 = Release|Any CPU
	EndGlobalSection
	GlobalSection(SolutionProperties) = preSolution
		HideSolutionNode = FALSE
	EndGlobalSection
EndGlobal
