
Microsoft Visual Studio Solution File, Format Version 12.00
# Visual Studio 15
VisualStudioVersion = 15.0.27130.2027
MinimumVisualStudioVersion = 10.0.40219.1
Project("{FAE04EC0-301F-11D3-BF4B-00C04F79EFBC}") = "ConsoleApplication1", "ConsoleApp\ConsoleApplication1.csproj", "{09DEFCE2-5843-4250-8825-9049C0565B64}"
	ProjectSection(ProjectDependencies) = postProject
		{EA6F422E-3D4F-499F-A76F-3DC366489387} = {EA6F422E-3D4F-499F-A76F-3DC366489387}
	EndProjectSection
EndProject
Project("{FAE04EC0-301F-11D3-BF4B-00C04F79EFBC}") = "SharpHelper", "SharpHelper\SharpHelper.csproj", "{EA6F422E-3D4F-499F-A76F-3DC366489387}"
EndProject
Project("{FAE04EC0-301F-11D3-BF4B-00C04F79EFBC}") = "WindowsFormsControlLibrary1", "WindowsFormsControlLibrary1\WindowsFormsControlLibrary1.csproj", "{F654E2BF-F036-4AD1-923D-DAF0FC4CDD98}"
EndProject
Project("{FAE04EC0-301F-11D3-BF4B-00C04F79EFBC}") = "USB_DMX_Test", "USB_DMX_Test\USB_DMX_Test.csproj", "{9292BF8A-32F2-490E-8246-A536FE21F5AF}"
EndProject
Project("{8BC9CEB8-8B4A-11D0-8D11-00A0C91BC942}") = "Propellor", "Propellor\Propellor.vcxitems", "{45D41ACC-2C3C-43D2-BC10-02AA73FFC7C7}"
EndProject
Project("{8BC9CEB8-8B4A-11D0-8D11-00A0C91BC942}") = "Scenix", "Scenix\Scenix.vcxitems", "{45D41ACC-2C3C-43D2-BC10-02AA73FFC7C8}"
EndProject
Project("{FAE04EC0-301F-11D3-BF4B-00C04F79EFBC}") = "WindowsFormsDMXTest", "WindowsFormsDMXTest\WindowsFormsDMXTest.csproj", "{038032CF-D3D9-4811-9265-92CBA95873C9}"
EndProject
Project("{E24C65DC-7377-472B-9ABA-BC803B73C61A}") = "PoolGaugeD3", "PoolGaugeD3\", "{6F574EFD-6675-4652-8912-2DAEE22E45F1}"
	ProjectSection(WebsiteProperties) = preProject
		TargetFrameworkMoniker = ".NETFramework,Version%3Dv4.6.1"
		Debug.AspNetCompiler.VirtualPath = "/localhost_19596"
		Debug.AspNetCompiler.PhysicalPath = "PoolGaugeD3\"
		Debug.AspNetCompiler.TargetPath = "PrecompiledWeb\localhost_19596\"
		Debug.AspNetCompiler.Updateable = "true"
		Debug.AspNetCompiler.ForceOverwrite = "true"
		Debug.AspNetCompiler.FixedNames = "false"
		Debug.AspNetCompiler.Debug = "True"
		Release.AspNetCompiler.VirtualPath = "/localhost_19596"
		Release.AspNetCompiler.PhysicalPath = "PoolGaugeD3\"
		Release.AspNetCompiler.TargetPath = "PrecompiledWeb\localhost_19596\"
		Release.AspNetCompiler.Updateable = "true"
		Release.AspNetCompiler.ForceOverwrite = "true"
		Release.AspNetCompiler.FixedNames = "false"
		Release.AspNetCompiler.Debug = "False"
		VWDPort = "19596"
		SlnRelativePath = "PoolGaugeD3\"
		DefaultWebSiteLanguage = "Visual C#"
	EndProjectSection
EndProject
Global
	GlobalSection(SolutionConfigurationPlatforms) = preSolution
		Debug|Any CPU = Debug|Any CPU
		Debug|x64 = Debug|x64
		Debug|x86 = Debug|x86
		Release|Any CPU = Release|Any CPU
		Release|x64 = Release|x64
		Release|x86 = Release|x86
	EndGlobalSection
	GlobalSection(ProjectConfigurationPlatforms) = postSolution
		{09DEFCE2-5843-4250-8825-9049C0565B64}.Debug|Any CPU.ActiveCfg = Debug|Any CPU
		{09DEFCE2-5843-4250-8825-9049C0565B64}.Debug|Any CPU.Build.0 = Debug|Any CPU
		{09DEFCE2-5843-4250-8825-9049C0565B64}.Debug|x64.ActiveCfg = Debug|Any CPU
		{09DEFCE2-5843-4250-8825-9049C0565B64}.Debug|x64.Build.0 = Debug|Any CPU
		{09DEFCE2-5843-4250-8825-9049C0565B64}.Debug|x86.ActiveCfg = Debug|Any CPU
		{09DEFCE2-5843-4250-8825-9049C0565B64}.Debug|x86.Build.0 = Debug|Any CPU
		{09DEFCE2-5843-4250-8825-9049C0565B64}.Release|Any CPU.ActiveCfg = Release|Any CPU
		{09DEFCE2-5843-4250-8825-9049C0565B64}.Release|Any CPU.Build.0 = Release|Any CPU
		{09DEFCE2-5843-4250-8825-9049C0565B64}.Release|x64.ActiveCfg = Release|Any CPU
		{09DEFCE2-5843-4250-8825-9049C0565B64}.Release|x64.Build.0 = Release|Any CPU
		{09DEFCE2-5843-4250-8825-9049C0565B64}.Release|x86.ActiveCfg = Release|Any CPU
		{09DEFCE2-5843-4250-8825-9049C0565B64}.Release|x86.Build.0 = Release|Any CPU
		{EA6F422E-3D4F-499F-A76F-3DC366489387}.Debug|Any CPU.ActiveCfg = Debug|Any CPU
		{EA6F422E-3D4F-499F-A76F-3DC366489387}.Debug|Any CPU.Build.0 = Debug|Any CPU
		{EA6F422E-3D4F-499F-A76F-3DC366489387}.Debug|x64.ActiveCfg = Debug|Any CPU
		{EA6F422E-3D4F-499F-A76F-3DC366489387}.Debug|x64.Build.0 = Debug|Any CPU
		{EA6F422E-3D4F-499F-A76F-3DC366489387}.Debug|x86.ActiveCfg = Debug|Any CPU
		{EA6F422E-3D4F-499F-A76F-3DC366489387}.Debug|x86.Build.0 = Debug|Any CPU
		{EA6F422E-3D4F-499F-A76F-3DC366489387}.Release|Any CPU.ActiveCfg = Release|Any CPU
		{EA6F422E-3D4F-499F-A76F-3DC366489387}.Release|Any CPU.Build.0 = Release|Any CPU
		{EA6F422E-3D4F-499F-A76F-3DC366489387}.Release|x64.ActiveCfg = Release|Any CPU
		{EA6F422E-3D4F-499F-A76F-3DC366489387}.Release|x64.Build.0 = Release|Any CPU
		{EA6F422E-3D4F-499F-A76F-3DC366489387}.Release|x86.ActiveCfg = Release|Any CPU
		{EA6F422E-3D4F-499F-A76F-3DC366489387}.Release|x86.Build.0 = Release|Any CPU
		{F654E2BF-F036-4AD1-923D-DAF0FC4CDD98}.Debug|Any CPU.ActiveCfg = Debug|Any CPU
		{F654E2BF-F036-4AD1-923D-DAF0FC4CDD98}.Debug|Any CPU.Build.0 = Debug|Any CPU
		{F654E2BF-F036-4AD1-923D-DAF0FC4CDD98}.Debug|x64.ActiveCfg = Debug|Any CPU
		{F654E2BF-F036-4AD1-923D-DAF0FC4CDD98}.Debug|x64.Build.0 = Debug|Any CPU
		{F654E2BF-F036-4AD1-923D-DAF0FC4CDD98}.Debug|x86.ActiveCfg = Debug|Any CPU
		{F654E2BF-F036-4AD1-923D-DAF0FC4CDD98}.Debug|x86.Build.0 = Debug|Any CPU
		{F654E2BF-F036-4AD1-923D-DAF0FC4CDD98}.Release|Any CPU.ActiveCfg = Release|Any CPU
		{F654E2BF-F036-4AD1-923D-DAF0FC4CDD98}.Release|Any CPU.Build.0 = Release|Any CPU
		{F654E2BF-F036-4AD1-923D-DAF0FC4CDD98}.Release|x64.ActiveCfg = Release|Any CPU
		{F654E2BF-F036-4AD1-923D-DAF0FC4CDD98}.Release|x64.Build.0 = Release|Any CPU
		{F654E2BF-F036-4AD1-923D-DAF0FC4CDD98}.Release|x86.ActiveCfg = Release|Any CPU
		{F654E2BF-F036-4AD1-923D-DAF0FC4CDD98}.Release|x86.Build.0 = Release|Any CPU
		{9292BF8A-32F2-490E-8246-A536FE21F5AF}.Debug|Any CPU.ActiveCfg = Debug|Any CPU
		{9292BF8A-32F2-490E-8246-A536FE21F5AF}.Debug|Any CPU.Build.0 = Debug|Any CPU
		{9292BF8A-32F2-490E-8246-A536FE21F5AF}.Debug|x64.ActiveCfg = Debug|Any CPU
		{9292BF8A-32F2-490E-8246-A536FE21F5AF}.Debug|x64.Build.0 = Debug|Any CPU
		{9292BF8A-32F2-490E-8246-A536FE21F5AF}.Debug|x86.ActiveCfg = Debug|Any CPU
		{9292BF8A-32F2-490E-8246-A536FE21F5AF}.Debug|x86.Build.0 = Debug|Any CPU
		{9292BF8A-32F2-490E-8246-A536FE21F5AF}.Release|Any CPU.ActiveCfg = Release|Any CPU
		{9292BF8A-32F2-490E-8246-A536FE21F5AF}.Release|Any CPU.Build.0 = Release|Any CPU
		{9292BF8A-32F2-490E-8246-A536FE21F5AF}.Release|x64.ActiveCfg = Release|Any CPU
		{9292BF8A-32F2-490E-8246-A536FE21F5AF}.Release|x64.Build.0 = Release|Any CPU
		{9292BF8A-32F2-490E-8246-A536FE21F5AF}.Release|x86.ActiveCfg = Release|Any CPU
		{9292BF8A-32F2-490E-8246-A536FE21F5AF}.Release|x86.Build.0 = Release|Any CPU
		{038032CF-D3D9-4811-9265-92CBA95873C9}.Debug|Any CPU.ActiveCfg = Debug|Any CPU
		{038032CF-D3D9-4811-9265-92CBA95873C9}.Debug|Any CPU.Build.0 = Debug|Any CPU
		{038032CF-D3D9-4811-9265-92CBA95873C9}.Debug|x64.ActiveCfg = Debug|Any CPU
		{038032CF-D3D9-4811-9265-92CBA95873C9}.Debug|x64.Build.0 = Debug|Any CPU
		{038032CF-D3D9-4811-9265-92CBA95873C9}.Debug|x86.ActiveCfg = Debug|Any CPU
		{038032CF-D3D9-4811-9265-92CBA95873C9}.Debug|x86.Build.0 = Debug|Any CPU
		{038032CF-D3D9-4811-9265-92CBA95873C9}.Release|Any CPU.ActiveCfg = Release|Any CPU
		{038032CF-D3D9-4811-9265-92CBA95873C9}.Release|Any CPU.Build.0 = Release|Any CPU
		{038032CF-D3D9-4811-9265-92CBA95873C9}.Release|x64.ActiveCfg = Release|Any CPU
		{038032CF-D3D9-4811-9265-92CBA95873C9}.Release|x64.Build.0 = Release|Any CPU
		{038032CF-D3D9-4811-9265-92CBA95873C9}.Release|x86.ActiveCfg = Release|Any CPU
		{038032CF-D3D9-4811-9265-92CBA95873C9}.Release|x86.Build.0 = Release|Any CPU
		{6F574EFD-6675-4652-8912-2DAEE22E45F1}.Debug|Any CPU.ActiveCfg = Debug|Any CPU
		{6F574EFD-6675-4652-8912-2DAEE22E45F1}.Debug|Any CPU.Build.0 = Debug|Any CPU
		{6F574EFD-6675-4652-8912-2DAEE22E45F1}.Debug|x64.ActiveCfg = Debug|Any CPU
		{6F574EFD-6675-4652-8912-2DAEE22E45F1}.Debug|x64.Build.0 = Debug|Any CPU
		{6F574EFD-6675-4652-8912-2DAEE22E45F1}.Debug|x86.ActiveCfg = Debug|Any CPU
		{6F574EFD-6675-4652-8912-2DAEE22E45F1}.Debug|x86.Build.0 = Debug|Any CPU
		{6F574EFD-6675-4652-8912-2DAEE22E45F1}.Release|Any CPU.ActiveCfg = Debug|Any CPU
		{6F574EFD-6675-4652-8912-2DAEE22E45F1}.Release|Any CPU.Build.0 = Debug|Any CPU
		{6F574EFD-6675-4652-8912-2DAEE22E45F1}.Release|x64.ActiveCfg = Debug|Any CPU
		{6F574EFD-6675-4652-8912-2DAEE22E45F1}.Release|x64.Build.0 = Debug|Any CPU
		{6F574EFD-6675-4652-8912-2DAEE22E45F1}.Release|x86.ActiveCfg = Debug|Any CPU
		{6F574EFD-6675-4652-8912-2DAEE22E45F1}.Release|x86.Build.0 = Debug|Any CPU
	EndGlobalSection
	GlobalSection(SolutionProperties) = preSolution
		HideSolutionNode = FALSE
	EndGlobalSection
	GlobalSection(ExtensibilityGlobals) = postSolution
		SolutionGuid = {E6765236-7ADB-49E8-AD0B-F698F9E23549}
	EndGlobalSection
EndGlobal
